
Microsoft Visual Studio Solution File, Format Version 12.00
# Visual Studio Version 17
VisualStudioVersion = 17.13.35806.99 d17.13
MinimumVisualStudioVersion = 10.0.40219.1
Project("{FAE04EC0-301F-11D3-BF4B-00C04F79EFBC}") = "WebPiaget", "WebPiaget\WebPiaget.csproj", "{C1165435-8401-4E4A-83F4-0E4C4DD8521E}"
EndProject
Global
	GlobalSection(SolutionConfigurationPlatforms) = preSolution
		Debug|Any CPU = Debug|Any CPU
		Release|Any CPU = Release|Any CPU
	EndGlobalSection
	GlobalSection(ProjectConfigurationPlatforms) = postSolution
		{C1165435-8401-4E4A-83F4-0E4C4DD8521E}.Debug|Any CPU.ActiveCfg = Debug|Any CPU
		{C1165435-8401-4E4A-83F4-0E4C4DD8521E}.Debug|Any CPU.Build.0 = Debug|Any CPU
		{C1165435-8401-4E4A-83F4-0E4C4DD8521E}.Release|Any CPU.ActiveCfg = Release|Any CPU
		{C1165435-8401-4E4A-83F4-0E4C4DD8521E}.Release|Any CPU.Build.0 = Release|Any CPU
	EndGlobalSection
	GlobalSection(SolutionProperties) = preSolution
		HideSolutionNode = FALSE
	EndGlobalSection
	GlobalSection(ExtensibilityGlobals) = postSolution
		SolutionGuid = {B9209B81-3987-468A-B815-45E6CB3B2797}
	EndGlobalSection
EndGlobal
